
Microsoft Visual Studio Solution File, Format Version 12.00
# Visual Studio Version 17
VisualStudioVersion = 17.8.34511.84
MinimumVisualStudioVersion = 10.0.40219.1
Project("{FAE04EC0-301F-11D3-BF4B-00C04F79EFBC}") = "FileSystemWithSingleBinaryFile", "FileSystemWithSingleBinaryFile\FileSystemWithSingleBinaryFile.csproj", "{1FA4F476-7DB4-4FB3-905D-3F0DA6563BDE}"
EndProject
Global
	GlobalSection(SolutionConfigurationPlatforms) = preSolution
		Debug|Any CPU = Debug|Any CPU
		Release|Any CPU = Release|Any CPU
	EndGlobalSection
	GlobalSection(ProjectConfigurationPlatforms) = postSolution
		{1FA4F476-7DB4-4FB3-905D-3F0DA6563BDE}.Debug|Any CPU.ActiveCfg = Debug|Any CPU
		{1FA4F476-7DB4-4FB3-905D-3F0DA6563BDE}.Debug|Any CPU.Build.0 = Debug|Any CPU
		{1FA4F476-7DB4-4FB3-905D-3F0DA6563BDE}.Release|Any CPU.ActiveCfg = Release|Any CPU
		{1FA4F476-7DB4-4FB3-905D-3F0DA6563BDE}.Release|Any CPU.Build.0 = Release|Any CPU
	EndGlobalSection
	GlobalSection(SolutionProperties) = preSolution
		HideSolutionNode = FALSE
	EndGlobalSection
	GlobalSection(ExtensibilityGlobals) = postSolution
		SolutionGuid = {F924CD4B-73C7-47B3-AD1E-930333657D85}
	EndGlobalSection
EndGlobal
